
Microsoft Visual Studio Solution File, Format Version 12.00
# Visual Studio Version 17
VisualStudioVersion = 17.9.34728.123
MinimumVisualStudioVersion = 10.0.40219.1
Project("{9A19103F-16F7-4668-BE54-9A1E7A4F7556}") = "PhoneShop", "PhoneShop\PhoneShop.csproj", "{F52136C4-91AD-41E2-AA7D-5B187D6838A6}"
EndProject
Project("{FAE04EC0-301F-11D3-BF4B-00C04F79EFBC}") = "PhoneShop.Infrastructure", "PhoneShop.Infrastructure\PhoneShop.Infrastructure.csproj", "{E477C7A4-1082-4F4C-858D-23D36A8F815A}"
EndProject
Project("{FAE04EC0-301F-11D3-BF4B-00C04F79EFBC}") = "PhoneShop.Core", "PhoneShop.Core\PhoneShop.Core.csproj", "{95B21719-2254-47C0-8BBE-5D08B83CFDFF}"
EndProject
Global
	GlobalSection(SolutionConfigurationPlatforms) = preSolution
		Debug|Any CPU = Debug|Any CPU
		Release|Any CPU = Release|Any CPU
	EndGlobalSection
	GlobalSection(ProjectConfigurationPlatforms) = postSolution
		{F52136C4-91AD-41E2-AA7D-5B187D6838A6}.Debug|Any CPU.ActiveCfg = Debug|Any CPU
		{F52136C4-91AD-41E2-AA7D-5B187D6838A6}.Debug|Any CPU.Build.0 = Debug|Any CPU
		{F52136C4-91AD-41E2-AA7D-5B187D6838A6}.Release|Any CPU.ActiveCfg = Release|Any CPU
		{F52136C4-91AD-41E2-AA7D-5B187D6838A6}.Release|Any CPU.Build.0 = Release|Any CPU
		{E477C7A4-1082-4F4C-858D-23D36A8F815A}.Debug|Any CPU.ActiveCfg = Debug|Any CPU
		{E477C7A4-1082-4F4C-858D-23D36A8F815A}.Debug|Any CPU.Build.0 = Debug|Any CPU
		{E477C7A4-1082-4F4C-858D-23D36A8F815A}.Release|Any CPU.ActiveCfg = Release|Any CPU
		{E477C7A4-1082-4F4C-858D-23D36A8F815A}.Release|Any CPU.Build.0 = Release|Any CPU
		{95B21719-2254-47C0-8BBE-5D08B83CFDFF}.Debug|Any CPU.ActiveCfg = Debug|Any CPU
		{95B21719-2254-47C0-8BBE-5D08B83CFDFF}.Debug|Any CPU.Build.0 = Debug|Any CPU
		{95B21719-2254-47C0-8BBE-5D08B83CFDFF}.Release|Any CPU.ActiveCfg = Release|Any CPU
		{95B21719-2254-47C0-8BBE-5D08B83CFDFF}.Release|Any CPU.Build.0 = Release|Any CPU
	EndGlobalSection
	GlobalSection(SolutionProperties) = preSolution
		HideSolutionNode = FALSE
	EndGlobalSection
	GlobalSection(ExtensibilityGlobals) = postSolution
		SolutionGuid = {933D8F94-D89F-4B2B-B147-EFF39E160A46}
	EndGlobalSection
EndGlobal
